# generated by rye
# use `rye lock` or `rye sync` to update this lockfile
#
# last locked with the following flags:
#   pre: false
#   features: []
#   all-features: false
#   with-sources: false
#   generate-hashes: false
#   universal: false

-e file:.
certifi==2024.7.4
    # via requests
charset-normalizer==3.3.2
    # via requests
colorama==0.4.6
    # via loguru
idna==3.7
    # via requests
loguru==0.7.2
    # via audioupdater
requests==2.32.3
    # via audioupdater
urllib3==2.2.2
    # via requests
win32-setctime==1.1.0
    # via loguru
